
Microsoft Visual Studio Solution File, Format Version 12.00
# Visual Studio Version 16
VisualStudioVersion = 16.0.29411.108
MinimumVisualStudioVersion = 10.0.40219.1
Project("{9A19103F-16F7-4668-BE54-9A1E7A4F7556}") = "BankingSDK.Base.BerlinGroup", "BankingSDK.Base.BerlinGroup\BankingSDK.Base.BerlinGroup.csproj", "{8624A3DF-9B2F-44C5-98DA-9E4FE5C862E5}"
EndProject
Project("{9A19103F-16F7-4668-BE54-9A1E7A4F7556}") = "BankingSDK.Base.BNP", "BankingSDK.Base.BNP\BankingSDK.Base.BNP.csproj", "{8E97032F-C68E-4F56-A39C-3784DFAA06ED}"
EndProject
Project("{9A19103F-16F7-4668-BE54-9A1E7A4F7556}") = "BankingSDK.Base.ING", "BankingSDK.Base.ING\BankingSDK.Base.ING.csproj", "{04AEBDD6-34C3-4AA0-9FBB-7172936359FB}"
EndProject
Project("{9A19103F-16F7-4668-BE54-9A1E7A4F7556}") = "BankingSDK.BE.AXA", "BankingSDK.BE.AXA\BankingSDK.BE.AXA.csproj", "{7CEEBB6B-4EB2-4C4B-90C4-2AD4BD27F9A4}"
EndProject
Project("{9A19103F-16F7-4668-BE54-9A1E7A4F7556}") = "BankingSDK.RO.ING", "BankingSDK.RO.ING\BankingSDK.RO.ING.csproj", "{653DD308-069D-407F-9A6B-D271F9218C9E}"
EndProject
Project("{9A19103F-16F7-4668-BE54-9A1E7A4F7556}") = "BankingSDK.PL.ING", "BankingSDK.PL.ING\BankingSDK.PL.ING.csproj", "{13CDED75-8CC3-454D-A8B0-BC5AFC0261A9}"
EndProject
Project("{9A19103F-16F7-4668-BE54-9A1E7A4F7556}") = "BankingSDK.NL.ING", "BankingSDK.NL.ING\BankingSDK.NL.ING.csproj", "{21997380-660B-45B3-AF0F-8CF58414A94D}"
EndProject
Project("{9A19103F-16F7-4668-BE54-9A1E7A4F7556}") = "BankingSDK.LU.SocieteGenerale", "BankingSDK.LU.SocieteGenerale\BankingSDK.LU.SocieteGenerale.csproj", "{CA6C9DA4-6378-4903-AFD9-0747C49803B2}"
EndProject
Project("{9A19103F-16F7-4668-BE54-9A1E7A4F7556}") = "BankingSDK.LU.ING", "BankingSDK.LU.ING\BankingSDK.LU.ING.csproj", "{266A8B32-CCFC-41CF-A440-86DC30670BA7}"
EndProject
Project("{9A19103F-16F7-4668-BE54-9A1E7A4F7556}") = "BankingSDK.IT.ING", "BankingSDK.IT.ING\BankingSDK.IT.ING.csproj", "{64F211D3-7BA1-4B53-93AE-63D37CC0623F}"
EndProject
Project("{9A19103F-16F7-4668-BE54-9A1E7A4F7556}") = "BankingSDK.GB.Revolut", "BankingSDK.GB.Revolut\BankingSDK.GB.Revolut.csproj", "{E5C1993A-B73F-4FCE-BA5F-66F8E2432CD0}"
EndProject
Project("{9A19103F-16F7-4668-BE54-9A1E7A4F7556}") = "BankingSDK.FR.ING", "BankingSDK.FR.ING\BankingSDK.FR.ING.csproj", "{9CB0E38E-9B47-4C9E-9FD8-13DB8EB0A841}"
EndProject
Project("{9A19103F-16F7-4668-BE54-9A1E7A4F7556}") = "BankingSDK.ES.Moneytrans", "BankingSDK.ES.Moneytrans\BankingSDK.ES.Moneytrans.csproj", "{EA5AAB3B-EF85-483D-8D30-6953C94C879D}"
EndProject
Project("{9A19103F-16F7-4668-BE54-9A1E7A4F7556}") = "BankingSDK.ES.ING", "BankingSDK.ES.ING\BankingSDK.ES.ING.csproj", "{3CB05531-3ABA-4403-9FDD-27E727128A84}"
EndProject
Project("{9A19103F-16F7-4668-BE54-9A1E7A4F7556}") = "BankingSDK.DE.Sparkasse", "BankingSDK.DE.Sparkasse\BankingSDK.DE.Sparkasse.csproj", "{23D96E91-893B-4249-B0A6-5B9F6BBCC994}"
EndProject
Project("{9A19103F-16F7-4668-BE54-9A1E7A4F7556}") = "BankingSDK.DE.ING", "BankingSDK.DE.ING\BankingSDK.DE.ING.csproj", "{F6DF5A20-39D8-426C-BCCE-C396CDCDFDAA}"
EndProject
Project("{9A19103F-16F7-4668-BE54-9A1E7A4F7556}") = "BankingSDK.CZ.ING", "BankingSDK.CZ.ING\BankingSDK.CZ.ING.csproj", "{B98509AD-C77D-495D-B125-139271810CEA}"
EndProject
Project("{9A19103F-16F7-4668-BE54-9A1E7A4F7556}") = "BankingSDK.BE.VanBreda", "BankingSDK.BE.VanBreda\BankingSDK.BE.VanBreda.csproj", "{B7687987-EB5D-4257-99F6-30FDC1B57A71}"
EndProject
Project("{9A19103F-16F7-4668-BE54-9A1E7A4F7556}") = "BankingSDK.BE.Triodos", "BankingSDK.BE.Triodos\BankingSDK.BE.Triodos.csproj", "{8720FB44-467C-4814-9330-C3E1E3E839BB}"
EndProject
Project("{9A19103F-16F7-4668-BE54-9A1E7A4F7556}") = "BankingSDK.BE.Puilaetco", "BankingSDK.BE.Puilaetco\BankingSDK.BE.Puilaetco.csproj", "{794AB868-E106-468C-9CC4-682A566E3631}"
EndProject
Project("{9A19103F-16F7-4668-BE54-9A1E7A4F7556}") = "BankingSDK.BE.Nagelmackers", "BankingSDK.BE.Nagelmackers\BankingSDK.BE.Nagelmackers.csproj", "{6CE9EB99-C4D9-45ED-B3C6-A76383C34D54}"
EndProject
Project("{9A19103F-16F7-4668-BE54-9A1E7A4F7556}") = "BankingSDK.BE.KEYTRADE", "BankingSDK.BE.KEYTRADE\BankingSDK.BE.KEYTRADE.csproj", "{3407732D-F768-428D-A270-C01EBC7C3014}"
EndProject
Project("{9A19103F-16F7-4668-BE54-9A1E7A4F7556}") = "BankingSDK.Base.KBC", "BankingSDK.Base.KBC\BankingSDK.Base.KBC.csproj", "{6734DC23-C5D3-4DA0-8807-49BF2B565566}"
EndProject
Project("{9A19103F-16F7-4668-BE54-9A1E7A4F7556}") = "BankingSDK.BE.ING", "BankingSDK.BE.ING\BankingSDK.BE.ING.csproj", "{74D5DB6F-9588-4F53-9265-6065645E8D94}"
EndProject
Project("{9A19103F-16F7-4668-BE54-9A1E7A4F7556}") = "BankingSDK.BE.HelloBank", "BankingSDK.BE.HelloBank\BankingSDK.BE.HelloBank.csproj", "{F4074D80-B7C3-42F6-8DCE-8A66C8E0D978}"
EndProject
Project("{9A19103F-16F7-4668-BE54-9A1E7A4F7556}") = "BankingSDK.BE.Fintro", "BankingSDK.BE.Fintro\BankingSDK.BE.Fintro.csproj", "{2C39366E-993D-4C86-A4C3-FB743390AE65}"
EndProject
Project("{9A19103F-16F7-4668-BE54-9A1E7A4F7556}") = "BankingSDK.BE.EuropaBank", "BankingSDK.BE.EuropaBank\BankingSDK.BE.EuropaBank.csproj", "{FB83AE2C-B373-448F-BC87-A8D29661E199}"
EndProject
Project("{9A19103F-16F7-4668-BE54-9A1E7A4F7556}") = "BankingSDK.BE.Crelan", "BankingSDK.BE.Crelan\BankingSDK.BE.Crelan.csproj", "{AA3C1340-4D33-4364-B0A6-B0CAF6218240}"
EndProject
Project("{9A19103F-16F7-4668-BE54-9A1E7A4F7556}") = "BankingSDK.BE.Bpost", "BankingSDK.BE.Bpost\BankingSDK.BE.Bpost.csproj", "{F41888D6-180C-49B4-A67D-4F96BF42EC6C}"
EndProject
Project("{9A19103F-16F7-4668-BE54-9A1E7A4F7556}") = "BankingSDK.BE.BNP", "BankingSDK.BE.BNP\BankingSDK.BE.BNP.csproj", "{BEEAAE19-5EC5-4856-9941-5090132BEECF}"
EndProject
Project("{9A19103F-16F7-4668-BE54-9A1E7A4F7556}") = "BankingSDK.BE.Belfius", "BankingSDK.BE.Belfius\BankingSDK.BE.Belfius.csproj", "{B9D589D0-4BD0-4C35-A34D-6D97264C3B6A}"
EndProject
Project("{9A19103F-16F7-4668-BE54-9A1E7A4F7556}") = "BankingSDK.AT.ING", "BankingSDK.AT.ING\BankingSDK.AT.ING.csproj", "{7C938733-0119-41B0-8D17-CFDCCDB6D654}"
EndProject
Project("{9A19103F-16F7-4668-BE54-9A1E7A4F7556}") = "TestApp", "Test\TestApp\TestApp.csproj", "{910D463D-4E7D-4AB9-9268-2774D305F613}"
EndProject
Project("{2150E333-8FDC-42A3-9474-1A3956D46DE8}") = "Test", "Test", "{517D2F3D-9DC5-4E55-8394-A18194B53A76}"
EndProject
Project("{9A19103F-16F7-4668-BE54-9A1E7A4F7556}") = "BankingSDK.FR.CreditAgricole", "BankingSDK.FR.CreditAgricole\BankingSDK.FR.CreditAgricole.csproj", "{7A447DF0-D3BB-4895-A17B-2803D17FA851}"
EndProject
Project("{9A19103F-16F7-4668-BE54-9A1E7A4F7556}") = "BankingSDK.Base.Stet", "BankingSDK.Base.Stet\BankingSDK.Base.Stet.csproj", "{91740867-2D2A-4490-B8FD-1BE65946F014}"
EndProject
Project("{9A19103F-16F7-4668-BE54-9A1E7A4F7556}") = "BankingSDK.BE.KBC", "BankingSDK.BE.KBC\BankingSDK.BE.KBC.csproj", "{AD6E4A84-2481-4849-A55B-08CC424470EA}"
EndProject
Project("{9A19103F-16F7-4668-BE54-9A1E7A4F7556}") = "BankingSDK.BE.CBC", "BankingSDK.BE.CBC\BankingSDK.BE.CBC.csproj", "{56B95FB6-185A-4C19-8CE9-359B38827276}"
EndProject
Project("{9A19103F-16F7-4668-BE54-9A1E7A4F7556}") = "TestWebApp", "Test\TestWebApp\TestWebApp.csproj", "{468315C5-37F8-4406-89E9-F7847EAC036E}"
EndProject
Project("{9A19103F-16F7-4668-BE54-9A1E7A4F7556}") = "BankingSDK.BE.KBCBrussels", "BankingSDK.BE.KBCBrussels\BankingSDK.BE.KBCBrussels.csproj", "{9EDA4230-A344-4C61-86A3-6693CC333B93}"
EndProject
Project("{FAE04EC0-301F-11D3-BF4B-00C04F79EFBC}") = "BankingSDK.UK.HSBC", "BankingSDK.UK.HSBC\BankingSDK.UK.HSBC.csproj", "{945DDC0A-963C-427A-991B-45A6B86388BF}"
EndProject
Global
	GlobalSection(SolutionConfigurationPlatforms) = preSolution
		Debug|Any CPU = Debug|Any CPU
		Release|Any CPU = Release|Any CPU
	EndGlobalSection
	GlobalSection(ProjectConfigurationPlatforms) = postSolution
		{8624A3DF-9B2F-44C5-98DA-9E4FE5C862E5}.Debug|Any CPU.ActiveCfg = Debug|Any CPU
		{8624A3DF-9B2F-44C5-98DA-9E4FE5C862E5}.Debug|Any CPU.Build.0 = Debug|Any CPU
		{8624A3DF-9B2F-44C5-98DA-9E4FE5C862E5}.Release|Any CPU.ActiveCfg = Release|Any CPU
		{8624A3DF-9B2F-44C5-98DA-9E4FE5C862E5}.Release|Any CPU.Build.0 = Release|Any CPU
		{8E97032F-C68E-4F56-A39C-3784DFAA06ED}.Debug|Any CPU.ActiveCfg = Debug|Any CPU
		{8E97032F-C68E-4F56-A39C-3784DFAA06ED}.Debug|Any CPU.Build.0 = Debug|Any CPU
		{8E97032F-C68E-4F56-A39C-3784DFAA06ED}.Release|Any CPU.ActiveCfg = Release|Any CPU
		{8E97032F-C68E-4F56-A39C-3784DFAA06ED}.Release|Any CPU.Build.0 = Release|Any CPU
		{04AEBDD6-34C3-4AA0-9FBB-7172936359FB}.Debug|Any CPU.ActiveCfg = Debug|Any CPU
		{04AEBDD6-34C3-4AA0-9FBB-7172936359FB}.Debug|Any CPU.Build.0 = Debug|Any CPU
		{04AEBDD6-34C3-4AA0-9FBB-7172936359FB}.Release|Any CPU.ActiveCfg = Release|Any CPU
		{04AEBDD6-34C3-4AA0-9FBB-7172936359FB}.Release|Any CPU.Build.0 = Release|Any CPU
		{7CEEBB6B-4EB2-4C4B-90C4-2AD4BD27F9A4}.Debug|Any CPU.ActiveCfg = Debug|Any CPU
		{7CEEBB6B-4EB2-4C4B-90C4-2AD4BD27F9A4}.Debug|Any CPU.Build.0 = Debug|Any CPU
		{7CEEBB6B-4EB2-4C4B-90C4-2AD4BD27F9A4}.Release|Any CPU.ActiveCfg = Release|Any CPU
		{7CEEBB6B-4EB2-4C4B-90C4-2AD4BD27F9A4}.Release|Any CPU.Build.0 = Release|Any CPU
		{653DD308-069D-407F-9A6B-D271F9218C9E}.Debug|Any CPU.ActiveCfg = Debug|Any CPU
		{653DD308-069D-407F-9A6B-D271F9218C9E}.Debug|Any CPU.Build.0 = Debug|Any CPU
		{653DD308-069D-407F-9A6B-D271F9218C9E}.Release|Any CPU.ActiveCfg = Release|Any CPU
		{653DD308-069D-407F-9A6B-D271F9218C9E}.Release|Any CPU.Build.0 = Release|Any CPU
		{13CDED75-8CC3-454D-A8B0-BC5AFC0261A9}.Debug|Any CPU.ActiveCfg = Debug|Any CPU
		{13CDED75-8CC3-454D-A8B0-BC5AFC0261A9}.Debug|Any CPU.Build.0 = Debug|Any CPU
		{13CDED75-8CC3-454D-A8B0-BC5AFC0261A9}.Release|Any CPU.ActiveCfg = Release|Any CPU
		{13CDED75-8CC3-454D-A8B0-BC5AFC0261A9}.Release|Any CPU.Build.0 = Release|Any CPU
		{21997380-660B-45B3-AF0F-8CF58414A94D}.Debug|Any CPU.ActiveCfg = Debug|Any CPU
		{21997380-660B-45B3-AF0F-8CF58414A94D}.Debug|Any CPU.Build.0 = Debug|Any CPU
		{21997380-660B-45B3-AF0F-8CF58414A94D}.Release|Any CPU.ActiveCfg = Release|Any CPU
		{21997380-660B-45B3-AF0F-8CF58414A94D}.Release|Any CPU.Build.0 = Release|Any CPU
		{CA6C9DA4-6378-4903-AFD9-0747C49803B2}.Debug|Any CPU.ActiveCfg = Debug|Any CPU
		{CA6C9DA4-6378-4903-AFD9-0747C49803B2}.Debug|Any CPU.Build.0 = Debug|Any CPU
		{CA6C9DA4-6378-4903-AFD9-0747C49803B2}.Release|Any CPU.ActiveCfg = Release|Any CPU
		{CA6C9DA4-6378-4903-AFD9-0747C49803B2}.Release|Any CPU.Build.0 = Release|Any CPU
		{266A8B32-CCFC-41CF-A440-86DC30670BA7}.Debug|Any CPU.ActiveCfg = Debug|Any CPU
		{266A8B32-CCFC-41CF-A440-86DC30670BA7}.Debug|Any CPU.Build.0 = Debug|Any CPU
		{266A8B32-CCFC-41CF-A440-86DC30670BA7}.Release|Any CPU.ActiveCfg = Release|Any CPU
		{266A8B32-CCFC-41CF-A440-86DC30670BA7}.Release|Any CPU.Build.0 = Release|Any CPU
		{64F211D3-7BA1-4B53-93AE-63D37CC0623F}.Debug|Any CPU.ActiveCfg = Debug|Any CPU
		{64F211D3-7BA1-4B53-93AE-63D37CC0623F}.Debug|Any CPU.Build.0 = Debug|Any CPU
		{64F211D3-7BA1-4B53-93AE-63D37CC0623F}.Release|Any CPU.ActiveCfg = Release|Any CPU
		{64F211D3-7BA1-4B53-93AE-63D37CC0623F}.Release|Any CPU.Build.0 = Release|Any CPU
		{E5C1993A-B73F-4FCE-BA5F-66F8E2432CD0}.Debug|Any CPU.ActiveCfg = Debug|Any CPU
		{E5C1993A-B73F-4FCE-BA5F-66F8E2432CD0}.Debug|Any CPU.Build.0 = Debug|Any CPU
		{E5C1993A-B73F-4FCE-BA5F-66F8E2432CD0}.Release|Any CPU.ActiveCfg = Release|Any CPU
		{E5C1993A-B73F-4FCE-BA5F-66F8E2432CD0}.Release|Any CPU.Build.0 = Release|Any CPU
		{9CB0E38E-9B47-4C9E-9FD8-13DB8EB0A841}.Debug|Any CPU.ActiveCfg = Debug|Any CPU
		{9CB0E38E-9B47-4C9E-9FD8-13DB8EB0A841}.Debug|Any CPU.Build.0 = Debug|Any CPU
		{9CB0E38E-9B47-4C9E-9FD8-13DB8EB0A841}.Release|Any CPU.ActiveCfg = Release|Any CPU
		{9CB0E38E-9B47-4C9E-9FD8-13DB8EB0A841}.Release|Any CPU.Build.0 = Release|Any CPU
		{EA5AAB3B-EF85-483D-8D30-6953C94C879D}.Debug|Any CPU.ActiveCfg = Debug|Any CPU
		{EA5AAB3B-EF85-483D-8D30-6953C94C879D}.Debug|Any CPU.Build.0 = Debug|Any CPU
		{EA5AAB3B-EF85-483D-8D30-6953C94C879D}.Release|Any CPU.ActiveCfg = Release|Any CPU
		{EA5AAB3B-EF85-483D-8D30-6953C94C879D}.Release|Any CPU.Build.0 = Release|Any CPU
		{3CB05531-3ABA-4403-9FDD-27E727128A84}.Debug|Any CPU.ActiveCfg = Debug|Any CPU
		{3CB05531-3ABA-4403-9FDD-27E727128A84}.Debug|Any CPU.Build.0 = Debug|Any CPU
		{3CB05531-3ABA-4403-9FDD-27E727128A84}.Release|Any CPU.ActiveCfg = Release|Any CPU
		{3CB05531-3ABA-4403-9FDD-27E727128A84}.Release|Any CPU.Build.0 = Release|Any CPU
		{23D96E91-893B-4249-B0A6-5B9F6BBCC994}.Debug|Any CPU.ActiveCfg = Debug|Any CPU
		{23D96E91-893B-4249-B0A6-5B9F6BBCC994}.Debug|Any CPU.Build.0 = Debug|Any CPU
		{23D96E91-893B-4249-B0A6-5B9F6BBCC994}.Release|Any CPU.ActiveCfg = Release|Any CPU
		{23D96E91-893B-4249-B0A6-5B9F6BBCC994}.Release|Any CPU.Build.0 = Release|Any CPU
		{F6DF5A20-39D8-426C-BCCE-C396CDCDFDAA}.Debug|Any CPU.ActiveCfg = Debug|Any CPU
		{F6DF5A20-39D8-426C-BCCE-C396CDCDFDAA}.Debug|Any CPU.Build.0 = Debug|Any CPU
		{F6DF5A20-39D8-426C-BCCE-C396CDCDFDAA}.Release|Any CPU.ActiveCfg = Release|Any CPU
		{F6DF5A20-39D8-426C-BCCE-C396CDCDFDAA}.Release|Any CPU.Build.0 = Release|Any CPU
		{B98509AD-C77D-495D-B125-139271810CEA}.Debug|Any CPU.ActiveCfg = Debug|Any CPU
		{B98509AD-C77D-495D-B125-139271810CEA}.Debug|Any CPU.Build.0 = Debug|Any CPU
		{B98509AD-C77D-495D-B125-139271810CEA}.Release|Any CPU.ActiveCfg = Release|Any CPU
		{B98509AD-C77D-495D-B125-139271810CEA}.Release|Any CPU.Build.0 = Release|Any CPU
		{B7687987-EB5D-4257-99F6-30FDC1B57A71}.Debug|Any CPU.ActiveCfg = Debug|Any CPU
		{B7687987-EB5D-4257-99F6-30FDC1B57A71}.Debug|Any CPU.Build.0 = Debug|Any CPU
		{B7687987-EB5D-4257-99F6-30FDC1B57A71}.Release|Any CPU.ActiveCfg = Release|Any CPU
		{B7687987-EB5D-4257-99F6-30FDC1B57A71}.Release|Any CPU.Build.0 = Release|Any CPU
		{8720FB44-467C-4814-9330-C3E1E3E839BB}.Debug|Any CPU.ActiveCfg = Debug|Any CPU
		{8720FB44-467C-4814-9330-C3E1E3E839BB}.Debug|Any CPU.Build.0 = Debug|Any CPU
		{8720FB44-467C-4814-9330-C3E1E3E839BB}.Release|Any CPU.ActiveCfg = Release|Any CPU
		{8720FB44-467C-4814-9330-C3E1E3E839BB}.Release|Any CPU.Build.0 = Release|Any CPU
		{794AB868-E106-468C-9CC4-682A566E3631}.Debug|Any CPU.ActiveCfg = Debug|Any CPU
		{794AB868-E106-468C-9CC4-682A566E3631}.Debug|Any CPU.Build.0 = Debug|Any CPU
		{794AB868-E106-468C-9CC4-682A566E3631}.Release|Any CPU.ActiveCfg = Release|Any CPU
		{794AB868-E106-468C-9CC4-682A566E3631}.Release|Any CPU.Build.0 = Release|Any CPU
		{6CE9EB99-C4D9-45ED-B3C6-A76383C34D54}.Debug|Any CPU.ActiveCfg = Debug|Any CPU
		{6CE9EB99-C4D9-45ED-B3C6-A76383C34D54}.Debug|Any CPU.Build.0 = Debug|Any CPU
		{6CE9EB99-C4D9-45ED-B3C6-A76383C34D54}.Release|Any CPU.ActiveCfg = Release|Any CPU
		{6CE9EB99-C4D9-45ED-B3C6-A76383C34D54}.Release|Any CPU.Build.0 = Release|Any CPU
		{3407732D-F768-428D-A270-C01EBC7C3014}.Debug|Any CPU.ActiveCfg = Debug|Any CPU
		{3407732D-F768-428D-A270-C01EBC7C3014}.Debug|Any CPU.Build.0 = Debug|Any CPU
		{3407732D-F768-428D-A270-C01EBC7C3014}.Release|Any CPU.ActiveCfg = Release|Any CPU
		{3407732D-F768-428D-A270-C01EBC7C3014}.Release|Any CPU.Build.0 = Release|Any CPU
		{6734DC23-C5D3-4DA0-8807-49BF2B565566}.Debug|Any CPU.ActiveCfg = Debug|Any CPU
		{6734DC23-C5D3-4DA0-8807-49BF2B565566}.Debug|Any CPU.Build.0 = Debug|Any CPU
		{6734DC23-C5D3-4DA0-8807-49BF2B565566}.Release|Any CPU.ActiveCfg = Release|Any CPU
		{6734DC23-C5D3-4DA0-8807-49BF2B565566}.Release|Any CPU.Build.0 = Release|Any CPU
		{74D5DB6F-9588-4F53-9265-6065645E8D94}.Debug|Any CPU.ActiveCfg = Debug|Any CPU
		{74D5DB6F-9588-4F53-9265-6065645E8D94}.Debug|Any CPU.Build.0 = Debug|Any CPU
		{74D5DB6F-9588-4F53-9265-6065645E8D94}.Release|Any CPU.ActiveCfg = Release|Any CPU
		{74D5DB6F-9588-4F53-9265-6065645E8D94}.Release|Any CPU.Build.0 = Release|Any CPU
		{F4074D80-B7C3-42F6-8DCE-8A66C8E0D978}.Debug|Any CPU.ActiveCfg = Debug|Any CPU
		{F4074D80-B7C3-42F6-8DCE-8A66C8E0D978}.Debug|Any CPU.Build.0 = Debug|Any CPU
		{F4074D80-B7C3-42F6-8DCE-8A66C8E0D978}.Release|Any CPU.ActiveCfg = Release|Any CPU
		{F4074D80-B7C3-42F6-8DCE-8A66C8E0D978}.Release|Any CPU.Build.0 = Release|Any CPU
		{2C39366E-993D-4C86-A4C3-FB743390AE65}.Debug|Any CPU.ActiveCfg = Debug|Any CPU
		{2C39366E-993D-4C86-A4C3-FB743390AE65}.Debug|Any CPU.Build.0 = Debug|Any CPU
		{2C39366E-993D-4C86-A4C3-FB743390AE65}.Release|Any CPU.ActiveCfg = Release|Any CPU
		{2C39366E-993D-4C86-A4C3-FB743390AE65}.Release|Any CPU.Build.0 = Release|Any CPU
		{FB83AE2C-B373-448F-BC87-A8D29661E199}.Debug|Any CPU.ActiveCfg = Debug|Any CPU
		{FB83AE2C-B373-448F-BC87-A8D29661E199}.Debug|Any CPU.Build.0 = Debug|Any CPU
		{FB83AE2C-B373-448F-BC87-A8D29661E199}.Release|Any CPU.ActiveCfg = Release|Any CPU
		{FB83AE2C-B373-448F-BC87-A8D29661E199}.Release|Any CPU.Build.0 = Release|Any CPU
		{AA3C1340-4D33-4364-B0A6-B0CAF6218240}.Debug|Any CPU.ActiveCfg = Debug|Any CPU
		{AA3C1340-4D33-4364-B0A6-B0CAF6218240}.Debug|Any CPU.Build.0 = Debug|Any CPU
		{AA3C1340-4D33-4364-B0A6-B0CAF6218240}.Release|Any CPU.ActiveCfg = Release|Any CPU
		{AA3C1340-4D33-4364-B0A6-B0CAF6218240}.Release|Any CPU.Build.0 = Release|Any CPU
		{F41888D6-180C-49B4-A67D-4F96BF42EC6C}.Debug|Any CPU.ActiveCfg = Debug|Any CPU
		{F41888D6-180C-49B4-A67D-4F96BF42EC6C}.Debug|Any CPU.Build.0 = Debug|Any CPU
		{F41888D6-180C-49B4-A67D-4F96BF42EC6C}.Release|Any CPU.ActiveCfg = Release|Any CPU
		{F41888D6-180C-49B4-A67D-4F96BF42EC6C}.Release|Any CPU.Build.0 = Release|Any CPU
		{BEEAAE19-5EC5-4856-9941-5090132BEECF}.Debug|Any CPU.ActiveCfg = Debug|Any CPU
		{BEEAAE19-5EC5-4856-9941-5090132BEECF}.Debug|Any CPU.Build.0 = Debug|Any CPU
		{BEEAAE19-5EC5-4856-9941-5090132BEECF}.Release|Any CPU.ActiveCfg = Release|Any CPU
		{BEEAAE19-5EC5-4856-9941-5090132BEECF}.Release|Any CPU.Build.0 = Release|Any CPU
		{B9D589D0-4BD0-4C35-A34D-6D97264C3B6A}.Debug|Any CPU.ActiveCfg = Debug|Any CPU
		{B9D589D0-4BD0-4C35-A34D-6D97264C3B6A}.Debug|Any CPU.Build.0 = Debug|Any CPU
		{B9D589D0-4BD0-4C35-A34D-6D97264C3B6A}.Release|Any CPU.ActiveCfg = Release|Any CPU
		{B9D589D0-4BD0-4C35-A34D-6D97264C3B6A}.Release|Any CPU.Build.0 = Release|Any CPU
		{7C938733-0119-41B0-8D17-CFDCCDB6D654}.Debug|Any CPU.ActiveCfg = Debug|Any CPU
		{7C938733-0119-41B0-8D17-CFDCCDB6D654}.Debug|Any CPU.Build.0 = Debug|Any CPU
		{7C938733-0119-41B0-8D17-CFDCCDB6D654}.Release|Any CPU.ActiveCfg = Release|Any CPU
		{7C938733-0119-41B0-8D17-CFDCCDB6D654}.Release|Any CPU.Build.0 = Release|Any CPU
		{910D463D-4E7D-4AB9-9268-2774D305F613}.Debug|Any CPU.ActiveCfg = Debug|Any CPU
		{910D463D-4E7D-4AB9-9268-2774D305F613}.Debug|Any CPU.Build.0 = Debug|Any CPU
		{910D463D-4E7D-4AB9-9268-2774D305F613}.Release|Any CPU.ActiveCfg = Release|Any CPU
		{910D463D-4E7D-4AB9-9268-2774D305F613}.Release|Any CPU.Build.0 = Release|Any CPU
		{7A447DF0-D3BB-4895-A17B-2803D17FA851}.Debug|Any CPU.ActiveCfg = Debug|Any CPU
		{7A447DF0-D3BB-4895-A17B-2803D17FA851}.Debug|Any CPU.Build.0 = Debug|Any CPU
		{7A447DF0-D3BB-4895-A17B-2803D17FA851}.Release|Any CPU.ActiveCfg = Release|Any CPU
		{7A447DF0-D3BB-4895-A17B-2803D17FA851}.Release|Any CPU.Build.0 = Release|Any CPU
		{91740867-2D2A-4490-B8FD-1BE65946F014}.Debug|Any CPU.ActiveCfg = Debug|Any CPU
		{91740867-2D2A-4490-B8FD-1BE65946F014}.Debug|Any CPU.Build.0 = Debug|Any CPU
		{91740867-2D2A-4490-B8FD-1BE65946F014}.Release|Any CPU.ActiveCfg = Release|Any CPU
		{91740867-2D2A-4490-B8FD-1BE65946F014}.Release|Any CPU.Build.0 = Release|Any CPU
		{AD6E4A84-2481-4849-A55B-08CC424470EA}.Debug|Any CPU.ActiveCfg = Debug|Any CPU
		{AD6E4A84-2481-4849-A55B-08CC424470EA}.Debug|Any CPU.Build.0 = Debug|Any CPU
		{AD6E4A84-2481-4849-A55B-08CC424470EA}.Release|Any CPU.ActiveCfg = Release|Any CPU
		{AD6E4A84-2481-4849-A55B-08CC424470EA}.Release|Any CPU.Build.0 = Release|Any CPU
		{56B95FB6-185A-4C19-8CE9-359B38827276}.Debug|Any CPU.ActiveCfg = Debug|Any CPU
		{56B95FB6-185A-4C19-8CE9-359B38827276}.Debug|Any CPU.Build.0 = Debug|Any CPU
		{56B95FB6-185A-4C19-8CE9-359B38827276}.Release|Any CPU.ActiveCfg = Release|Any CPU
		{56B95FB6-185A-4C19-8CE9-359B38827276}.Release|Any CPU.Build.0 = Release|Any CPU
		{468315C5-37F8-4406-89E9-F7847EAC036E}.Debug|Any CPU.ActiveCfg = Debug|Any CPU
		{468315C5-37F8-4406-89E9-F7847EAC036E}.Debug|Any CPU.Build.0 = Debug|Any CPU
		{468315C5-37F8-4406-89E9-F7847EAC036E}.Release|Any CPU.ActiveCfg = Release|Any CPU
		{468315C5-37F8-4406-89E9-F7847EAC036E}.Release|Any CPU.Build.0 = Release|Any CPU
		{9EDA4230-A344-4C61-86A3-6693CC333B93}.Debug|Any CPU.ActiveCfg = Debug|Any CPU
		{9EDA4230-A344-4C61-86A3-6693CC333B93}.Debug|Any CPU.Build.0 = Debug|Any CPU
		{9EDA4230-A344-4C61-86A3-6693CC333B93}.Release|Any CPU.ActiveCfg = Release|Any CPU
		{9EDA4230-A344-4C61-86A3-6693CC333B93}.Release|Any CPU.Build.0 = Release|Any CPU
		{945DDC0A-963C-427A-991B-45A6B86388BF}.Debug|Any CPU.ActiveCfg = Debug|Any CPU
		{945DDC0A-963C-427A-991B-45A6B86388BF}.Debug|Any CPU.Build.0 = Debug|Any CPU
		{945DDC0A-963C-427A-991B-45A6B86388BF}.Release|Any CPU.ActiveCfg = Release|Any CPU
		{945DDC0A-963C-427A-991B-45A6B86388BF}.Release|Any CPU.Build.0 = Release|Any CPU
	EndGlobalSection
	GlobalSection(SolutionProperties) = preSolution
		HideSolutionNode = FALSE
	EndGlobalSection
	GlobalSection(NestedProjects) = preSolution
		{910D463D-4E7D-4AB9-9268-2774D305F613} = {517D2F3D-9DC5-4E55-8394-A18194B53A76}
		{468315C5-37F8-4406-89E9-F7847EAC036E} = {517D2F3D-9DC5-4E55-8394-A18194B53A76}
	EndGlobalSection
	GlobalSection(ExtensibilityGlobals) = postSolution
		SolutionGuid = {BC06302E-678F-4BF6-83FD-F940D2EB99EF}
	EndGlobalSection
EndGlobal
